
Microsoft Visual Studio Solution File, Format Version 12.00
# Visual Studio Version 17
VisualStudioVersion = 17.10.34916.146
MinimumVisualStudioVersion = 10.0.40219.1
Project("{2150E333-8FDC-42A3-9474-1A3956D46DE8}") = "OLCPGEMobile", "OLCPGEMobile", "{99295C94-696D-4A75-933A-1D77BA2E45CB}"
EndProject
Project("{8BC9CEB8-8B4A-11D0-8D11-00A0C91BC942}") = "World3D", "World3D\OLCPGEMobile\World3D\World3D.vcxproj", "{DF6F4742-BC3B-4AB6-BC21-998F024F288F}"
EndProject
Project("{8BC9CEB8-8B4A-11D0-8D11-00A0C91BC942}") = "World3D.Shared", "World3D\OLCPGEMobile\World3D.Shared\World3D.Shared.vcxitems", "{4FDC487A-55DD-4023-B650-F13B1E25B5EB}"
EndProject
Project("{8BC9CEB8-8B4A-11D0-8D11-00A0C91BC942}") = "World3D.iOS.StaticLibrary", "World3D\OLCPGEMobile\World3D.iOS.StaticLibrary\World3D.iOS.StaticLibrary.vcxproj", "{B413D3C6-32AE-4A79-84A0-4D9A6C833074}"
EndProject
Project("{8BC9CEB8-8B4A-11D0-8D11-00A0C91BC942}") = "World3D.iOS.Application", "World3D\World3D.iOS.Application\World3D.iOS.Application.xcodeproj\project.pbxproj", "{F75A616D-CC96-4439-BF0F-F05446844932}"
EndProject
Project("{39E2626F-3545-4960-A6E8-258AD8476CE5}") = "World3D", "World3D\World3D\World3D.androidproj", "{6CC92369-4EEB-4A35-8252-57B04B604BEC}"
EndProject
Global
	GlobalSection(SolutionConfigurationPlatforms) = preSolution
		Debug|ARM = Debug|ARM
		Debug|ARM64 = Debug|ARM64
		Debug|x64 = Debug|x64
		Debug|x86 = Debug|x86
		Release|ARM = Release|ARM
		Release|ARM64 = Release|ARM64
		Release|x64 = Release|x64
		Release|x86 = Release|x86
	EndGlobalSection
	GlobalSection(ProjectConfigurationPlatforms) = postSolution
		{DF6F4742-BC3B-4AB6-BC21-998F024F288F}.Debug|ARM.ActiveCfg = Debug|ARM
		{DF6F4742-BC3B-4AB6-BC21-998F024F288F}.Debug|ARM.Build.0 = Debug|ARM
		{DF6F4742-BC3B-4AB6-BC21-998F024F288F}.Debug|ARM64.ActiveCfg = Debug|ARM64
		{DF6F4742-BC3B-4AB6-BC21-998F024F288F}.Debug|ARM64.Build.0 = Debug|ARM64
		{DF6F4742-BC3B-4AB6-BC21-998F024F288F}.Debug|x64.ActiveCfg = Debug|x64
		{DF6F4742-BC3B-4AB6-BC21-998F024F288F}.Debug|x64.Build.0 = Debug|x64
		{DF6F4742-BC3B-4AB6-BC21-998F024F288F}.Debug|x86.ActiveCfg = Debug|x86
		{DF6F4742-BC3B-4AB6-BC21-998F024F288F}.Debug|x86.Build.0 = Debug|x86
		{DF6F4742-BC3B-4AB6-BC21-998F024F288F}.Release|ARM.ActiveCfg = Release|ARM
		{DF6F4742-BC3B-4AB6-BC21-998F024F288F}.Release|ARM.Build.0 = Release|ARM
		{DF6F4742-BC3B-4AB6-BC21-998F024F288F}.Release|ARM64.ActiveCfg = Release|ARM64
		{DF6F4742-BC3B-4AB6-BC21-998F024F288F}.Release|ARM64.Build.0 = Release|ARM64
		{DF6F4742-BC3B-4AB6-BC21-998F024F288F}.Release|x64.ActiveCfg = Release|x64
		{DF6F4742-BC3B-4AB6-BC21-998F024F288F}.Release|x64.Build.0 = Release|x64
		{DF6F4742-BC3B-4AB6-BC21-998F024F288F}.Release|x86.ActiveCfg = Release|x86
		{DF6F4742-BC3B-4AB6-BC21-998F024F288F}.Release|x86.Build.0 = Release|x86
		{B413D3C6-32AE-4A79-84A0-4D9A6C833074}.Debug|ARM.ActiveCfg = Debug|ARM
		{B413D3C6-32AE-4A79-84A0-4D9A6C833074}.Debug|ARM.Build.0 = Debug|ARM
		{B413D3C6-32AE-4A79-84A0-4D9A6C833074}.Debug|ARM64.ActiveCfg = Debug|ARM64
		{B413D3C6-32AE-4A79-84A0-4D9A6C833074}.Debug|ARM64.Build.0 = Debug|ARM64
		{B413D3C6-32AE-4A79-84A0-4D9A6C833074}.Debug|x64.ActiveCfg = Debug|x64
		{B413D3C6-32AE-4A79-84A0-4D9A6C833074}.Debug|x64.Build.0 = Debug|x64
		{B413D3C6-32AE-4A79-84A0-4D9A6C833074}.Debug|x86.ActiveCfg = Debug|x86
		{B413D3C6-32AE-4A79-84A0-4D9A6C833074}.Debug|x86.Build.0 = Debug|x86
		{B413D3C6-32AE-4A79-84A0-4D9A6C833074}.Release|ARM.ActiveCfg = Release|ARM
		{B413D3C6-32AE-4A79-84A0-4D9A6C833074}.Release|ARM.Build.0 = Release|ARM
		{B413D3C6-32AE-4A79-84A0-4D9A6C833074}.Release|ARM64.ActiveCfg = Release|ARM64
		{B413D3C6-32AE-4A79-84A0-4D9A6C833074}.Release|ARM64.Build.0 = Release|ARM64
		{B413D3C6-32AE-4A79-84A0-4D9A6C833074}.Release|x64.ActiveCfg = Release|x64
		{B413D3C6-32AE-4A79-84A0-4D9A6C833074}.Release|x64.Build.0 = Release|x64
		{B413D3C6-32AE-4A79-84A0-4D9A6C833074}.Release|x86.ActiveCfg = Release|x86
		{B413D3C6-32AE-4A79-84A0-4D9A6C833074}.Release|x86.Build.0 = Release|x86
		{F75A616D-CC96-4439-BF0F-F05446844932}.Debug|ARM.ActiveCfg = Debug|ARM
		{F75A616D-CC96-4439-BF0F-F05446844932}.Debug|ARM.Build.0 = Debug|ARM
		{F75A616D-CC96-4439-BF0F-F05446844932}.Debug|ARM.Deploy.0 = Debug|ARM
		{F75A616D-CC96-4439-BF0F-F05446844932}.Debug|ARM64.ActiveCfg = Debug|ARM64
		{F75A616D-CC96-4439-BF0F-F05446844932}.Debug|ARM64.Build.0 = Debug|ARM64
		{F75A616D-CC96-4439-BF0F-F05446844932}.Debug|ARM64.Deploy.0 = Debug|ARM64
		{F75A616D-CC96-4439-BF0F-F05446844932}.Debug|x64.ActiveCfg = Debug|x64
		{F75A616D-CC96-4439-BF0F-F05446844932}.Debug|x64.Build.0 = Debug|x64
		{F75A616D-CC96-4439-BF0F-F05446844932}.Debug|x64.Deploy.0 = Debug|x64
		{F75A616D-CC96-4439-BF0F-F05446844932}.Debug|x86.ActiveCfg = Debug|x86
		{F75A616D-CC96-4439-BF0F-F05446844932}.Debug|x86.Build.0 = Debug|x86
		{F75A616D-CC96-4439-BF0F-F05446844932}.Debug|x86.Deploy.0 = Debug|x86
		{F75A616D-CC96-4439-BF0F-F05446844932}.Release|ARM.ActiveCfg = Release|ARM
		{F75A616D-CC96-4439-BF0F-F05446844932}.Release|ARM.Build.0 = Release|ARM
		{F75A616D-CC96-4439-BF0F-F05446844932}.Release|ARM.Deploy.0 = Release|ARM
		{F75A616D-CC96-4439-BF0F-F05446844932}.Release|ARM64.ActiveCfg = Release|ARM64
		{F75A616D-CC96-4439-BF0F-F05446844932}.Release|ARM64.Build.0 = Release|ARM64
		{F75A616D-CC96-4439-BF0F-F05446844932}.Release|ARM64.Deploy.0 = Release|ARM64
		{F75A616D-CC96-4439-BF0F-F05446844932}.Release|x64.ActiveCfg = Release|x64
		{F75A616D-CC96-4439-BF0F-F05446844932}.Release|x64.Build.0 = Release|x64
		{F75A616D-CC96-4439-BF0F-F05446844932}.Release|x64.Deploy.0 = Release|x64
		{F75A616D-CC96-4439-BF0F-F05446844932}.Release|x86.ActiveCfg = Release|x86
		{F75A616D-CC96-4439-BF0F-F05446844932}.Release|x86.Build.0 = Release|x86
		{F75A616D-CC96-4439-BF0F-F05446844932}.Release|x86.Deploy.0 = Release|x86
		{6CC92369-4EEB-4A35-8252-57B04B604BEC}.Debug|ARM.ActiveCfg = Debug|ARM
		{6CC92369-4EEB-4A35-8252-57B04B604BEC}.Debug|ARM.Build.0 = Debug|ARM
		{6CC92369-4EEB-4A35-8252-57B04B604BEC}.Debug|ARM.Deploy.0 = Debug|ARM
		{6CC92369-4EEB-4A35-8252-57B04B604BEC}.Debug|ARM64.ActiveCfg = Debug|ARM64
		{6CC92369-4EEB-4A35-8252-57B04B604BEC}.Debug|ARM64.Build.0 = Debug|ARM64
		{6CC92369-4EEB-4A35-8252-57B04B604BEC}.Debug|ARM64.Deploy.0 = Debug|ARM64
		{6CC92369-4EEB-4A35-8252-57B04B604BEC}.Debug|x64.ActiveCfg = Debug|x64
		{6CC92369-4EEB-4A35-8252-57B04B604BEC}.Debug|x64.Build.0 = Debug|x64
		{6CC92369-4EEB-4A35-8252-57B04B604BEC}.Debug|x64.Deploy.0 = Debug|x64
		{6CC92369-4EEB-4A35-8252-57B04B604BEC}.Debug|x86.ActiveCfg = Debug|x86
		{6CC92369-4EEB-4A35-8252-57B04B604BEC}.Debug|x86.Build.0 = Debug|x86
		{6CC92369-4EEB-4A35-8252-57B04B604BEC}.Debug|x86.Deploy.0 = Debug|x86
		{6CC92369-4EEB-4A35-8252-57B04B604BEC}.Release|ARM.ActiveCfg = Release|ARM
		{6CC92369-4EEB-4A35-8252-57B04B604BEC}.Release|ARM.Build.0 = Release|ARM
		{6CC92369-4EEB-4A35-8252-57B04B604BEC}.Release|ARM.Deploy.0 = Release|ARM
		{6CC92369-4EEB-4A35-8252-57B04B604BEC}.Release|ARM64.ActiveCfg = Release|ARM64
		{6CC92369-4EEB-4A35-8252-57B04B604BEC}.Release|ARM64.Build.0 = Release|ARM64
		{6CC92369-4EEB-4A35-8252-57B04B604BEC}.Release|ARM64.Deploy.0 = Release|ARM64
		{6CC92369-4EEB-4A35-8252-57B04B604BEC}.Release|x64.ActiveCfg = Release|x64
		{6CC92369-4EEB-4A35-8252-57B04B604BEC}.Release|x64.Build.0 = Release|x64
		{6CC92369-4EEB-4A35-8252-57B04B604BEC}.Release|x64.Deploy.0 = Release|x64
		{6CC92369-4EEB-4A35-8252-57B04B604BEC}.Release|x86.ActiveCfg = Release|x86
		{6CC92369-4EEB-4A35-8252-57B04B604BEC}.Release|x86.Build.0 = Release|x86
		{6CC92369-4EEB-4A35-8252-57B04B604BEC}.Release|x86.Deploy.0 = Release|x86
	EndGlobalSection
	GlobalSection(SolutionProperties) = preSolution
		HideSolutionNode = FALSE
	EndGlobalSection
	GlobalSection(NestedProjects) = preSolution
		{DF6F4742-BC3B-4AB6-BC21-998F024F288F} = {99295C94-696D-4A75-933A-1D77BA2E45CB}
		{4FDC487A-55DD-4023-B650-F13B1E25B5EB} = {99295C94-696D-4A75-933A-1D77BA2E45CB}
		{B413D3C6-32AE-4A79-84A0-4D9A6C833074} = {99295C94-696D-4A75-933A-1D77BA2E45CB}
	EndGlobalSection
	GlobalSection(ExtensibilityGlobals) = postSolution
		SolutionGuid = {6D010718-68A3-4ED5-8BA0-DCFAEFD7C82E}
	EndGlobalSection
	GlobalSection(SharedMSBuildProjectFiles) = preSolution
		World3D\OLCPGEMobile\World3D.Shared\World3D.Shared.vcxitems*{4fdc487a-55dd-4023-b650-f13b1e25b5eb}*SharedItemsImports = 9
		World3D\OLCPGEMobile\World3D.Shared\World3D.Shared.vcxitems*{b413d3c6-32ae-4a79-84a0-4d9a6c833074}*SharedItemsImports = 4
		World3D\OLCPGEMobile\World3D.Shared\World3D.Shared.vcxitems*{df6f4742-bc3b-4ab6-bc21-998f024f288f}*SharedItemsImports = 4
	EndGlobalSection
EndGlobal
